
Microsoft Visual Studio Solution File, Format Version 12.00
# Visual Studio 15
VisualStudioVersion = 15.0.26730.16
MinimumVisualStudioVersion = 10.0.40219.1
Project("{FAE04EC0-301F-11D3-BF4B-00C04F79EFBC}") = "WebApplication24", "WebApplication24\WebApplication24.csproj", "{DDDC7A8D-3C3D-4E6A-83A9-B51725150104}"
EndProject
Global
	GlobalSection(SolutionConfigurationPlatforms) = preSolution
		Debug|Any CPU = Debug|Any CPU
		Release|Any CPU = Release|Any CPU
	EndGlobalSection
	GlobalSection(ProjectConfigurationPlatforms) = postSolution
		{DDDC7A8D-3C3D-4E6A-83A9-B51725150104}.Debug|Any CPU.ActiveCfg = Debug|Any CPU
		{DDDC7A8D-3C3D-4E6A-83A9-B51725150104}.Debug|Any CPU.Build.0 = Debug|Any CPU
		{DDDC7A8D-3C3D-4E6A-83A9-B51725150104}.Release|Any CPU.ActiveCfg = Release|Any CPU
		{DDDC7A8D-3C3D-4E6A-83A9-B51725150104}.Release|Any CPU.Build.0 = Release|Any CPU
	EndGlobalSection
	GlobalSection(SolutionProperties) = preSolution
		HideSolutionNode = FALSE
	EndGlobalSection
	GlobalSection(ExtensibilityGlobals) = postSolution
		SolutionGuid = {7FC8D241-B121-46A3-88BF-09F72D67929E}
	EndGlobalSection
EndGlobal
